{
    "_readme": [
        "This file locks the dependencies of your project to a known state",
        "Read more about it at https://getcomposer.org/doc/01-basic-usage.md#composer-lock-the-lock-file",
        "This file is @generated automatically"
    ],
    "content-hash": "a267e713d879f4fadf9532ded6906c29",
    "packages": [
        {
            "name": "joking/annotation",
            "version": "dev-master",
            "source": {
                "type": "git",
                "url": "https://github.com/CloverWeb/annotation.git",
                "reference": "ba1093044d0b89d30a924b2ee0fa4455f023b1a8"
            },
            "dist": {
                "type": "zip",
                "url": "https://api.github.com/repos/CloverWeb/annotation/zipball/ba1093044d0b89d30a924b2ee0fa4455f023b1a8",
                "reference": "ba1093044d0b89d30a924b2ee0fa4455f023b1a8",
                "shasum": ""
            },
            "require": {
                "php": ">=5.6"
            },
            "type": "library",
            "autoload": {
                "psr-4": {
                    "Joking\\Annotation\\": "src/"
                }
            },
            "notification-url": "https://packagist.org/downloads/",
            "license": [
                "joking"
            ],
            "authors": [
                {
                    "name": "joking",
                    "email": "370546391@qq.com"
                }
            ],
            "description": "注释拓展",
            "time": "2017-07-29T15:27:40+00:00"
        },
        {
            "name": "nikic/fast-route",
            "version": "v1.2.0",
            "source": {
                "type": "git",
                "url": "https://github.com/nikic/FastRoute.git",
                "reference": "b5f95749071c82a8e0f58586987627054400cdf6"
            },
            "dist": {
                "type": "zip",
                "url": "https://api.github.com/repos/nikic/FastRoute/zipball/b5f95749071c82a8e0f58586987627054400cdf6",
                "reference": "b5f95749071c82a8e0f58586987627054400cdf6",
                "shasum": ""
            },
            "require": {
                "php": ">=5.4.0"
            },
            "type": "library",
            "autoload": {
                "psr-4": {
                    "FastRoute\\": "src/"
                },
                "files": [
                    "src/functions.php"
                ]
            },
            "notification-url": "https://packagist.org/downloads/",
            "license": [
                "BSD-3-Clause"
            ],
            "authors": [
                {
                    "name": "Nikita Popov",
                    "email": "nikic@php.net"
                }
            ],
            "description": "Fast request router for PHP",
            "keywords": [
                "router",
                "routing"
            ],
            "time": "2017-01-19T11:35:12+00:00"
        }
    ],
    "packages-dev": [],
    "aliases": [],
    "minimum-stability": "stable",
    "stability-flags": {
        "joking/annotation": 20
    },
    "prefer-stable": false,
    "prefer-lowest": false,
    "platform": [],
    "platform-dev": []
}
